// !$*UTF8*$!
{
	archiveVersion = 1;
	classes = {
	};
	objectVersion = 50;
	objects = {

/* Begin PBXBuildFile section */
		2ED7C0A5241D571100302E4C /* AppDelegate.swift in Sources */ = {isa = PBXBuildFile; fileRef = 2ED7C0A4241D571100302E4C /* AppDelegate.swift */; };
		2ED7C0A7241D571100302E4C /* SceneDelegate.swift in Sources */ = {isa = PBXBuildFile; fileRef = 2ED7C0A6241D571100302E4C /* SceneDelegate.swift */; };
		2ED7C0A9241D571100302E4C /* ViewController.swift in Sources */ = {isa = PBXBuildFile; fileRef = 2ED7C0A8241D571100302E4C /* ViewController.swift */; };
		2ED7C0AC241D571100302E4C /* Main.storyboard in Resources */ = {isa = PBXBuildFile; fileRef = 2ED7C0AA241D571100302E4C /* Main.storyboard */; };
		2ED7C0AE241D571200302E4C /* Assets.xcassets in Resources */ = {isa = PBXBuildFile; fileRef = 2ED7C0AD241D571200302E4C /* Assets.xcassets */; };
		2ED7C0B1241D571200302E4C /* LaunchScreen.storyboard in Resources */ = {isa = PBXBuildFile; fileRef = 2ED7C0AF241D571200302E4C /* LaunchScreen.storyboard */; };
		2ED7C0BC241D571200302E4C /* laserTagTests.swift in Sources */ = {isa = PBXBuildFile; fileRef = 2ED7C0BB241D571200302E4C /* laserTagTests.swift */; };
		2ED7C0C7241D571300302E4C /* laserTagUITests.swift in Sources */ = {isa = PBXBuildFile; fileRef = 2ED7C0C6241D571300302E4C /* laserTagUITests.swift */; };
/* End PBXBuildFile section */

/* Begin PBXContainerItemProxy section */
		2ED7C0B8241D571200302E4C /* PBXContainerItemProxy */ = {
			isa = PBXContainerItemProxy;
			containerPortal = 2ED7C099241D571100302E4C /* Project object */;
			proxyType = 1;
			remoteGlobalIDString = 2ED7C0A0241D571100302E4C;
			remoteInfo = laserTag;
		};
		2ED7C0C3241D571300302E4C /* PBXContainerItemProxy */ = {
			isa = PBXContainerItemProxy;
			containerPortal = 2ED7C099241D571100302E4C /* Project object */;
			proxyType = 1;
			remoteGlobalIDString = 2ED7C0A0241D571100302E4C;
			remoteInfo = laserTag;
		};
/* End PBXContainerItemProxy section */

/* Begin PBXFileReference section */
		2ED7C0A1241D571100302E4C /* laserTag.app */ = {isa = PBXFileReference; explicitFileType = wrapper.application; includeInIndex = 0; path = laserTag.app; sourceTree = BUILT_PRODUCTS_DIR; };
		2ED7C0A4241D571100302E4C /* AppDelegate.swift */ = {isa = PBXFileReference; lastKnownFileType = sourcecode.swift; path = AppDelegate.swift; sourceTree = "<group>"; };
		2ED7C0A6241D571100302E4C /* SceneDelegate.swift */ = {isa = PBXFileReference; lastKnownFileType = sourcecode.swift; path = SceneDelegate.swift; sourceTree = "<group>"; };
		2ED7C0A8241D571100302E4C /* ViewController.swift */ = {isa = PBXFileReference; lastKnownFileType = sourcecode.swift; path = ViewController.swift; sourceTree = "<group>"; };
		2ED7C0AB241D571100302E4C /* Base */ = {isa = PBXFileReference; lastKnownFileType = file.storyboard; name = Base; path = Base.lproj/Main.storyboard; sourceTree = "<group>"; };
		2ED7C0AD241D571200302E4C /* Assets.xcassets */ = {isa = PBXFileReference; lastKnownFileType = folder.assetcatalog; path = Assets.xcassets; sourceTree = "<group>"; };
		2ED7C0B0241D571200302E4C /* Base */ = {isa = PBXFileReference; lastKnownFileType = file.storyboard; name = Base; path = Base.lproj/LaunchScreen.storyboard; sourceTree = "<group>"; };
		2ED7C0B2241D571200302E4C /* Info.plist */ = {isa = PBXFileReference; lastKnownFileType = text.plist.xml; path = Info.plist; sourceTree = "<group>"; };
		2ED7C0B7241D571200302E4C /* laserTagTests.xctest */ = {isa = PBXFileReference; explicitFileType = wrapper.cfbundle; includeInIndex = 0; path = laserTagTests.xctest; sourceTree = BUILT_PRODUCTS_DIR; };
		2ED7C0BB241D571200302E4C /* laserTagTests.swift */ = {isa = PBXFileReference; lastKnownFileType = sourcecode.swift; path = laserTagTests.swift; sourceTree = "<group>"; };
		2ED7C0BD241D571200302E4C /* Info.plist */ = {isa = PBXFileReference; lastKnownFileType = text.plist.xml; path = Info.plist; sourceTree = "<group>"; };
		2ED7C0C2241D571300302E4C /* laserTagUITests.xctest */ = {isa = PBXFileReference; explicitFileType = wrapper.cfbundle; includeInIndex = 0; path = laserTagUITests.xctest; sourceTree = BUILT_PRODUCTS_DIR; };
		2ED7C0C6241D571300302E4C /* laserTagUITests.swift */ = {isa = PBXFileReference; lastKnownFileType = sourcecode.swift; path = laserTagUITests.swift; sourceTree = "<group>"; };
		2ED7C0C8241D571300302E4C /* Info.plist */ = {isa = PBXFileReference; lastKnownFileType = text.plist.xml; path = Info.plist; sourceTree = "<group>"; };
/* End PBXFileReference section */

/* Begin PBXFrameworksBuildPhase section */
		2ED7C09E241D571100302E4C /* Frameworks */ = {
			isa = PBXFrameworksBuildPhase;
			buildActionMask = 2147483647;
			files = (
			);
			runOnlyForDeploymentPostprocessing = 0;
		};
		2ED7C0B4241D571200302E4C /* Frameworks */ = {
			isa = PBXFrameworksBuildPhase;
			buildActionMask = 2147483647;
			files = (
			);
			runOnlyForDeploymentPostprocessing = 0;
		};
		2ED7C0BF241D571300302E4C /* Frameworks */ = {
			isa = PBXFrameworksBuildPhase;
			buildActionMask = 2147483647;
			files = (
			);
			runOnlyForDeploymentPostprocessing = 0;
		};
/* End PBXFrameworksBuildPhase section */

/* Begin PBXGroup section */
		2ED7C098241D571100302E4C = {
			isa = PBXGroup;
			children = (
				2ED7C0A3241D571100302E4C /* laserTag */,
				2ED7C0BA241D571200302E4C /* laserTagTests */,
				2ED7C0C5241D571300302E4C /* laserTagUITests */,
				2ED7C0A2241D571100302E4C /* Products */,
			);
			sourceTree = "<group>";
		};
		2ED7C0A2241D571100302E4C /* Products */ = {
			isa = PBXGroup;
			children = (
				2ED7C0A1241D571100302E4C /* laserTag.app */,
				2ED7C0B7241D571200302E4C /* laserTagTests.xctest */,
				2ED7C0C2241D571300302E4C /* laserTagUITests.xctest */,
			);
			name = Products;
			sourceTree = "<group>";
		};
		2ED7C0A3241D571100302E4C /* laserTag */ = {
			isa = PBXGroup;
			children = (
				2ED7C0A4241D571100302E4C /* AppDelegate.swift */,
				2ED7C0A6241D571100302E4C /* SceneDelegate.swift */,
				2ED7C0A8241D571100302E4C /* ViewController.swift */,
				2ED7C0AA241D571100302E4C /* Main.storyboard */,
				2ED7C0AD241D571200302E4C /* Assets.xcassets */,
				2ED7C0AF241D571200302E4C /* LaunchScreen.storyboard */,
				2ED7C0B2241D571200302E4C /* Info.plist */,
			);
			path = laserTag;
			sourceTree = "<group>";
		};
		2ED7C0BA241D571200302E4C /* laserTagTests */ = {
			isa = PBXGroup;
			children = (
				2ED7C0BB241D571200302E4C /* laserTagTests.swift */,
				2ED7C0BD241D571200302E4C /* Info.plist */,
			);
			path = laserTagTests;
			sourceTree = "<group>";
		};
		2ED7C0C5241D571300302E4C /* laserTagUITests */ = {
			isa = PBXGroup;
			children = (
				2ED7C0C6241D571300302E4C /* laserTagUITests.swift */,
				2ED7C0C8241D571300302E4C /* Info.plist */,
			);
			path = laserTagUITests;
			sourceTree = "<group>";
		};
/* End PBXGroup section */

/* Begin PBXNativeTarget section */
		2ED7C0A0241D571100302E4C /* laserTag */ = {
			isa = PBXNativeTarget;
			buildConfigurationList = 2ED7C0CB241D571300302E4C /* Build configuration list for PBXNativeTarget "laserTag" */;
			buildPhases = (
				2ED7C09D241D571100302E4C /* Sources */,
				2ED7C09E241D571100302E4C /* Frameworks */,
				2ED7C09F241D571100302E4C /* Resources */,
			);
			buildRules = (
			);
			dependencies = (
			);
			name = laserTag;
			productName = laserTag;
			productReference = 2ED7C0A1241D571100302E4C /* laserTag.app */;
			productType = "com.apple.product-type.application";
		};
		2ED7C0B6241D571200302E4C /* laserTagTests */ = {
			isa = PBXNativeTarget;
			buildConfigurationList = 2ED7C0CE241D571300302E4C /* Build configuration list for PBXNativeTarget "laserTagTests" */;
			buildPhases = (
				2ED7C0B3241D571200302E4C /* Sources */,
				2ED7C0B4241D571200302E4C /* Frameworks */,
				2ED7C0B5241D571200302E4C /* Resources */,
			);
			buildRules = (
			);
			dependencies = (
				2ED7C0B9241D571200302E4C /* PBXTargetDependency */,
			);
			name = laserTagTests;
			productName = laserTagTests;
			productReference = 2ED7C0B7241D571200302E4C /* laserTagTests.xctest */;
			productType = "com.apple.product-type.bundle.unit-test";
		};
		2ED7C0C1241D571300302E4C /* laserTagUITests */ = {
			isa = PBXNativeTarget;
			buildConfigurationList = 2ED7C0D1241D571300302E4C /* Build configuration list for PBXNativeTarget "laserTagUITests" */;
			buildPhases = (
				2ED7C0BE241D571300302E4C /* Sources */,
				2ED7C0BF241D571300302E4C /* Frameworks */,
				2ED7C0C0241D571300302E4C /* Resources */,
			);
			buildRules = (
			);
			dependencies = (
				2ED7C0C4241D571300302E4C /* PBXTargetDependency */,
			);
			name = laserTagUITests;
			productName = laserTagUITests;
			productReference = 2ED7C0C2241D571300302E4C /* laserTagUITests.xctest */;
			productType = "com.apple.product-type.bundle.ui-testing";
		};
/* End PBXNativeTarget section */

/* Begin PBXProject section */
		2ED7C099241D571100302E4C /* Project object */ = {
			isa = PBXProject;
			attributes = {
				LastSwiftUpdateCheck = 1130;
				LastUpgradeCheck = 1130;
				ORGANIZATIONNAME = "Jessica Price";
				TargetAttributes = {
					2ED7C0A0241D571100302E4C = {
						CreatedOnToolsVersion = 11.3.1;
					};
					2ED7C0B6241D571200302E4C = {
						CreatedOnToolsVersion = 11.3.1;
						TestTargetID = 2ED7C0A0241D571100302E4C;
					};
					2ED7C0C1241D571300302E4C = {
						CreatedOnToolsVersion = 11.3.1;
						TestTargetID = 2ED7C0A0241D571100302E4C;
					};
				};
			};
			buildConfigurationList = 2ED7C09C241D571100302E4C /* Build configuration list for PBXProject "laserTag" */;
			compatibilityVersion = "Xcode 9.3";
			developmentRegion = en;
			hasScannedForEncodings = 0;
			knownRegions = (
				en,
				Base,
			);
			mainGroup = 2ED7C098241D571100302E4C;
			productRefGroup = 2ED7C0A2241D571100302E4C /* Products */;
			projectDirPath = "";
			projectRoot = "";
			targets = (
				2ED7C0A0241D571100302E4C /* laserTag */,
				2ED7C0B6241D571200302E4C /* laserTagTests */,
				2ED7C0C1241D571300302E4C /* laserTagUITests */,
			);
		};
/* End PBXProject section */

/* Begin PBXResourcesBuildPhase section */
		2ED7C09F241D571100302E4C /* Resources */ = {
			isa = PBXResourcesBuildPhase;
			buildActionMask = 2147483647;
			files = (
				2ED7C0B1241D571200302E4C /* LaunchScreen.storyboard in Resources */,
				2ED7C0AE241D571200302E4C /* Assets.xcassets in Resources */,
				2ED7C0AC241D571100302E4C /* Main.storyboard in Resources */,
			);
			runOnlyForDeploymentPostprocessing = 0;
		};
		2ED7C0B5241D571200302E4C /* Resources */ = {
			isa = PBXResourcesBuildPhase;
			buildActionMask = 2147483647;
			files = (
			);
			runOnlyForDeploymentPostprocessing = 0;
		};
		2ED7C0C0241D571300302E4C /* Resources */ = {
			isa = PBXResourcesBuildPhase;
			buildActionMask = 2147483647;
			files = (
			);
			runOnlyForDeploymentPostprocessing = 0;
		};
/* End PBXResourcesBuildPhase section */

/* Begin PBXSourcesBuildPhase section */
		2ED7C09D241D571100302E4C /* Sources */ = {
			isa = PBXSourcesBuildPhase;
			buildActionMask = 2147483647;
			files = (
				2ED7C0A9241D571100302E4C /* ViewController.swift in Sources */,
				2ED7C0A5241D571100302E4C /* AppDelegate.swift in Sources */,
				2ED7C0A7241D571100302E4C /* SceneDelegate.swift in Sources */,
			);
			runOnlyForDeploymentPostprocessing = 0;
		};
		2ED7C0B3241D571200302E4C /* Sources */ = {
			isa = PBXSourcesBuildPhase;
			buildActionMask = 2147483647;
			files = (
				2ED7C0BC241D571200302E4C /* laserTagTests.swift in Sources */,
			);
			runOnlyForDeploymentPostprocessing = 0;
		};
		2ED7C0BE241D571300302E4C /* Sources */ = {
			isa = PBXSourcesBuildPhase;
			buildActionMask = 2147483647;
			files = (
				2ED7C0C7241D571300302E4C /* laserTagUITests.swift in Sources */,
			);
			runOnlyForDeploymentPostprocessing = 0;
		};
/* End PBXSourcesBuildPhase section */

/* Begin PBXTargetDependency section */
		2ED7C0B9241D571200302E4C /* PBXTargetDependency */ = {
			isa = PBXTargetDependency;
			target = 2ED7C0A0241D571100302E4C /* laserTag */;
			targetProxy = 2ED7C0B8241D571200302E4C /* PBXContainerItemProxy */;
		};
		2ED7C0C4241D571300302E4C /* PBXTargetDependency */ = {
			isa = PBXTargetDependency;
			target = 2ED7C0A0241D571100302E4C /* laserTag */;
			targetProxy = 2ED7C0C3241D571300302E4C /* PBXContainerItemProxy */;
		};
/* End PBXTargetDependency section */

/* Begin PBXVariantGroup section */
		2ED7C0AA241D571100302E4C /* Main.storyboard */ = {
			isa = PBXVariantGroup;
			children = (
				2ED7C0AB241D571100302E4C /* Base */,
			);
			name = Main.storyboard;
			sourceTree = "<group>";
		};
		2ED7C0AF241D571200302E4C /* LaunchScreen.storyboard */ = {
			isa = PBXVariantGroup;
			children = (
				2ED7C0B0241D571200302E4C /* Base */,
			);
			name = LaunchScreen.storyboard;
			sourceTree = "<group>";
		};
/* End PBXVariantGroup section */

/* Begin XCBuildConfiguration section */
		2ED7C0C9241D571300302E4C /* Debug */ = {
			isa = XCBuildConfiguration;
			buildSettings = {
				ALWAYS_SEARCH_USER_PATHS = NO;
				CLANG_ANALYZER_NONNULL = YES;
				CLANG_ANALYZER_NUMBER_OBJECT_CONVERSION = YES_AGGRESSIVE;
				CLANG_CXX_LANGUAGE_STANDARD = "gnu++14";
				CLANG_CXX_LIBRARY = "libc++";
				CLANG_ENABLE_MODULES = YES;
				CLANG_ENABLE_OBJC_ARC = YES;
				CLANG_ENABLE_OBJC_WEAK = YES;
				CLANG_WARN_BLOCK_CAPTURE_AUTORELEASING = YES;
				CLANG_WARN_BOOL_CONVERSION = YES;
				CLANG_WARN_COMMA = YES;
				CLANG_WARN_CONSTANT_CONVERSION = YES;
				CLANG_WARN_DEPRECATED_OBJC_IMPLEMENTATIONS = YES;
				CLANG_WARN_DIRECT_OBJC_ISA_USAGE = YES_ERROR;
				CLANG_WARN_DOCUMENTATION_COMMENTS = YES;
				CLANG_WARN_EMPTY_BODY = YES;
				CLANG_WARN_ENUM_CONVERSION = YES;
				CLANG_WARN_INFINITE_RECURSION = YES;
				CLANG_WARN_INT_CONVERSION = YES;
				CLANG_WARN_NON_LITERAL_NULL_CONVERSION = YES;
				CLANG_WARN_OBJC_IMPLICIT_RETAIN_SELF = YES;
				CLANG_WARN_OBJC_LITERAL_CONVERSION = YES;
				CLANG_WARN_OBJC_ROOT_CLASS = YES_ERROR;
				CLANG_WARN_RANGE_LOOP_ANALYSIS = YES;
				CLANG_WARN_STRICT_PROTOTYPES = YES;
				CLANG_WARN_SUSPICIOUS_MOVE = YES;
				CLANG_WARN_UNGUARDED_AVAILABILITY = YES_AGGRESSIVE;
				CLANG_WARN_UNREACHABLE_CODE = YES;
				CLANG_WARN__DUPLICATE_METHOD_MATCH = YES;
				COPY_PHASE_STRIP = NO;
				DEBUG_INFORMATION_FORMAT = dwarf;
				ENABLE_STRICT_OBJC_MSGSEND = YES;
				ENABLE_TESTABILITY = YES;
				GCC_C_LANGUAGE_STANDARD = gnu11;
				GCC_DYNAMIC_NO_PIC = NO;
				GCC_NO_COMMON_BLOCKS = YES;
				GCC_OPTIMIZATION_LEVEL = 0;
				GCC_PREPROCESSOR_DEFINITIONS = (
					"DEBUG=1",
					"$(inherited)",
				);
				GCC_WARN_64_TO_32_BIT_CONVERSION = YES;
				GCC_WARN_ABOUT_RETURN_TYPE = YES_ERROR;
				GCC_WARN_UNDECLARED_SELECTOR = YES;
				GCC_WARN_UNINITIALIZED_AUTOS = YES_AGGRESSIVE;
				GCC_WARN_UNUSED_FUNCTION = YES;
				GCC_WARN_UNUSED_VARIABLE = YES;
				IPHONEOS_DEPLOYMENT_TARGET = 13.2;
				MTL_ENABLE_DEBUG_INFO = INCLUDE_SOURCE;
				MTL_FAST_MATH = YES;
				ONLY_ACTIVE_ARCH = YES;
				SDKROOT = iphoneos;
				SWIFT_ACTIVE_COMPILATION_CONDITIONS = DEBUG;
				SWIFT_OPTIMIZATION_LEVEL = "-Onone";
			};
			name = Debug;
		};
		2ED7C0CA241D571300302E4C /* Release */ = {
			isa = XCBuildConfiguration;
			buildSettings = {
				ALWAYS_SEARCH_USER_PATHS = NO;
				CLANG_ANALYZER_NONNULL = YES;
				CLANG_ANALYZER_NUMBER_OBJECT_CONVERSION = YES_AGGRESSIVE;
				CLANG_CXX_LANGUAGE_STANDARD = "gnu++14";
				CLANG_CXX_LIBRARY = "libc++";
				CLANG_ENABLE_MODULES = YES;
				CLANG_ENABLE_OBJC_ARC = YES;
				CLANG_ENABLE_OBJC_WEAK = YES;
				CLANG_WARN_BLOCK_CAPTURE_AUTORELEASING = YES;
				CLANG_WARN_BOOL_CONVERSION = YES;
				CLANG_WARN_COMMA = YES;
				CLANG_WARN_CONSTANT_CONVERSION = YES;
				CLANG_WARN_DEPRECATED_OBJC_IMPLEMENTATIONS = YES;
				CLANG_WARN_DIRECT_OBJC_ISA_USAGE = YES_ERROR;
				CLANG_WARN_DOCUMENTATION_COMMENTS = YES;
				CLANG_WARN_EMPTY_BODY = YES;
				CLANG_WARN_ENUM_CONVERSION = YES;
				CLANG_WARN_INFINITE_RECURSION = YES;
				CLANG_WARN_INT_CONVERSION = YES;
				CLANG_WARN_NON_LITERAL_NULL_CONVERSION = YES;
				CLANG_WARN_OBJC_IMPLICIT_RETAIN_SELF = YES;
				CLANG_WARN_OBJC_LITERAL_CONVERSION = YES;
				CLANG_WARN_OBJC_ROOT_CLASS = YES_ERROR;
				CLANG_WARN_RANGE_LOOP_ANALYSIS = YES;
				CLANG_WARN_STRICT_PROTOTYPES = YES;
				CLANG_WARN_SUSPICIOUS_MOVE = YES;
				CLANG_WARN_UNGUARDED_AVAILABILITY = YES_AGGRESSIVE;
				CLANG_WARN_UNREACHABLE_CODE = YES;
				CLANG_WARN__DUPLICATE_METHOD_MATCH = YES;
				COPY_PHASE_STRIP = NO;
				DEBUG_INFORMATION_FORMAT = "dwarf-with-dsym";
				ENABLE_NS_ASSERTIONS = NO;
				ENABLE_STRICT_OBJC_MSGSEND = YES;
				GCC_C_LANGUAGE_STANDARD = gnu11;
				GCC_NO_COMMON_BLOCKS = YES;
				GCC_WARN_64_TO_32_BIT_CONVERSION = YES;
				GCC_WARN_ABOUT_RETURN_TYPE = YES_ERROR;
				GCC_WARN_UNDECLARED_SELECTOR = YES;
				GCC_WARN_UNINITIALIZED_AUTOS = YES_AGGRESSIVE;
				GCC_WARN_UNUSED_FUNCTION = YES;
				GCC_WARN_UNUSED_VARIABLE = YES;
				IPHONEOS_DEPLOYMENT_TARGET = 13.2;
				MTL_ENABLE_DEBUG_INFO = NO;
				MTL_FAST_MATH = YES;
				SDKROOT = iphoneos;
				SWIFT_COMPILATION_MODE = wholemodule;
				SWIFT_OPTIMIZATION_LEVEL = "-O";
				VALIDATE_PRODUCT = YES;
			};
			name = Release;
		};
		2ED7C0CC241D571300302E4C /* Debug */ = {
			isa = XCBuildConfiguration;
			buildSettings = {
				ASSETCATALOG_COMPILER_APPICON_NAME = AppIcon;
				CODE_SIGN_STYLE = Automatic;
				INFOPLIST_FILE = laserTag/Info.plist;
				LD_RUNPATH_SEARCH_PATHS = (
					"$(inherited)",
					"@executable_path/Frameworks",
				);
				PRODUCT_BUNDLE_IDENTIFIER = com.JessPrice.laserTag;
				PRODUCT_NAME = "$(TARGET_NAME)";
				SWIFT_VERSION = 5.0;
				TARGETED_DEVICE_FAMILY = "1,2";
			};
			name = Debug;
		};
		2ED7C0CD241D571300302E4C /* Release */ = {
			isa = XCBuildConfiguration;
			buildSettings = {
				ASSETCATALOG_COMPILER_APPICON_NAME = AppIcon;
				CODE_SIGN_STYLE = Automatic;
				INFOPLIST_FILE = laserTag/Info.plist;
				LD_RUNPATH_SEARCH_PATHS = (
					"$(inherited)",
					"@executable_path/Frameworks",
				);
				PRODUCT_BUNDLE_IDENTIFIER = com.JessPrice.laserTag;
				PRODUCT_NAME = "$(TARGET_NAME)";
				SWIFT_VERSION = 5.0;
				TARGETED_DEVICE_FAMILY = "1,2";
			};
			name = Release;
		};
		2ED7C0CF241D571300302E4C /* Debug */ = {
			isa = XCBuildConfiguration;
			buildSettings = {
				ALWAYS_EMBED_SWIFT_STANDARD_LIBRARIES = YES;
				BUNDLE_LOADER = "$(TEST_HOST)";
				CODE_SIGN_STYLE = Automatic;
				INFOPLIST_FILE = laserTagTests/Info.plist;
				IPHONEOS_DEPLOYMENT_TARGET = 13.2;
				LD_RUNPATH_SEARCH_PATHS = (
					"$(inherited)",
					"@executable_path/Frameworks",
					"@loader_path/Frameworks",
				);
				PRODUCT_BUNDLE_IDENTIFIER = com.JessPrice.laserTagTests;
				PRODUCT_NAME = "$(TARGET_NAME)";
				SWIFT_VERSION = 5.0;
				TARGETED_DEVICE_FAMILY = "1,2";
				TEST_HOST = "$(BUILT_PRODUCTS_DIR)/laserTag.app/laserTag";
			};
			name = Debug;
		};
		2ED7C0D0241D571300302E4C /* Release */ = {
			isa = XCBuildConfiguration;
			buildSettings = {
				ALWAYS_EMBED_SWIFT_STANDARD_LIBRARIES = YES;
				BUNDLE_LOADER = "$(TEST_HOST)";
				CODE_SIGN_STYLE = Automatic;
				INFOPLIST_FILE = laserTagTests/Info.plist;
				IPHONEOS_DEPLOYMENT_TARGET = 13.2;
				LD_RUNPATH_SEARCH_PATHS = (
					"$(inherited)",
					"@executable_path/Frameworks",
					"@loader_path/Frameworks",
				);
				PRODUCT_BUNDLE_IDENTIFIER = com.JessPrice.laserTagTests;
				PRODUCT_NAME = "$(TARGET_NAME)";
				SWIFT_VERSION = 5.0;
				TARGETED_DEVICE_FAMILY = "1,2";
				TEST_HOST = "$(BUILT_PRODUCTS_DIR)/laserTag.app/laserTag";
			};
			name = Release;
		};
		2ED7C0D2241D571300302E4C /* Debug */ = {
			isa = XCBuildConfiguration;
			buildSettings = {
				ALWAYS_EMBED_SWIFT_STANDARD_LIBRARIES = YES;
				CODE_SIGN_STYLE = Automatic;
				INFOPLIST_FILE = laserTagUITests/Info.plist;
				LD_RUNPATH_SEARCH_PATHS = (
					"$(inherited)",
					"@executable_path/Frameworks",
					"@loader_path/Frameworks",
				);
				PRODUCT_BUNDLE_IDENTIFIER = com.JessPrice.laserTagUITests;
				PRODUCT_NAME = "$(TARGET_NAME)";
				SWIFT_VERSION = 5.0;
				TARGETED_DEVICE_FAMILY = "1,2";
				TEST_TARGET_NAME = laserTag;
			};
			name = Debug;
		};
		2ED7C0D3241D571300302E4C /* Release */ = {
			isa = XCBuildConfiguration;
			buildSettings = {
				ALWAYS_EMBED_SWIFT_STANDARD_LIBRARIES = YES;
				CODE_SIGN_STYLE = Automatic;
				INFOPLIST_FILE = laserTagUITests/Info.plist;
				LD_RUNPATH_SEARCH_PATHS = (
					"$(inherited)",
					"@executable_path/Frameworks",
					"@loader_path/Frameworks",
				);
				PRODUCT_BUNDLE_IDENTIFIER = com.JessPrice.laserTagUITests;
				PRODUCT_NAME = "$(TARGET_NAME)";
				SWIFT_VERSION = 5.0;
				TARGETED_DEVICE_FAMILY = "1,2";
				TEST_TARGET_NAME = laserTag;
			};
			name = Release;
		};
/* End XCBuildConfiguration section */

/* Begin XCConfigurationList section */
		2ED7C09C241D571100302E4C /* Build configuration list for PBXProject "laserTag" */ = {
			isa = XCConfigurationList;
			buildConfigurations = (
				2ED7C0C9241D571300302E4C /* Debug */,
				2ED7C0CA241D571300302E4C /* Release */,
			);
			defaultConfigurationIsVisible = 0;
			defaultConfigurationName = Release;
		};
		2ED7C0CB241D571300302E4C /* Build configuration list for PBXNativeTarget "laserTag" */ = {
			isa = XCConfigurationList;
			buildConfigurations = (
				2ED7C0CC241D571300302E4C /* Debug */,
				2ED7C0CD241D571300302E4C /* Release */,
			);
			defaultConfigurationIsVisible = 0;
			defaultConfigurationName = Release;
		};
		2ED7C0CE241D571300302E4C /* Build configuration list for PBXNativeTarget "laserTagTests" */ = {
			isa = XCConfigurationList;
			buildConfigurations = (
				2ED7C0CF241D571300302E4C /* Debug */,
				2ED7C0D0241D571300302E4C /* Release */,
			);
			defaultConfigurationIsVisible = 0;
			defaultConfigurationName = Release;
		};
		2ED7C0D1241D571300302E4C /* Build configuration list for PBXNativeTarget "laserTagUITests" */ = {
			isa = XCConfigurationList;
			buildConfigurations = (
				2ED7C0D2241D571300302E4C /* Debug */,
				2ED7C0D3241D571300302E4C /* Release */,
			);
			defaultConfigurationIsVisible = 0;
			defaultConfigurationName = Release;
		};
/* End XCConfigurationList section */
	};
	rootObject = 2ED7C099241D571100302E4C /* Project object */;
}
